// !$*UTF8*$!
{
	archiveVersion = 1;
	classes = {
	};
	objectVersion = 46;
	objects = {

/* Begin PBXBuildFile section */
		942D64E51F27EBEF005E0F03 /* Sci-Fi.swift in Sources */ = {isa = PBXBuildFile; fileRef = 942D64E41F27EBEF005E0F03 /* Sci-Fi.swift */; };
		94B708581F27C9F70051E254 /* AppDelegate.swift in Sources */ = {isa = PBXBuildFile; fileRef = 94B708571F27C9F70051E254 /* AppDelegate.swift */; };
		94B7085A1F27C9F70051E254 /* ViewController.swift in Sources */ = {isa = PBXBuildFile; fileRef = 94B708591F27C9F70051E254 /* ViewController.swift */; };
		94B7085D1F27C9F70051E254 /* Main.storyboard in Resources */ = {isa = PBXBuildFile; fileRef = 94B7085B1F27C9F70051E254 /* Main.storyboard */; };
		94B7085F1F27C9F70051E254 /* Assets.xcassets in Resources */ = {isa = PBXBuildFile; fileRef = 94B7085E1F27C9F70051E254 /* Assets.xcassets */; };
		94B708621F27C9F70051E254 /* LaunchScreen.storyboard in Resources */ = {isa = PBXBuildFile; fileRef = 94B708601F27C9F70051E254 /* LaunchScreen.storyboard */; };
/* End PBXBuildFile section */

/* Begin PBXFileReference section */
		942D64E41F27EBEF005E0F03 /* Sci-Fi.swift */ = {isa = PBXFileReference; fileEncoding = 4; lastKnownFileType = sourcecode.swift; path = "Sci-Fi.swift"; sourceTree = "<group>"; };
		94B708541F27C9F70051E254 /* pickerVIew.app */ = {isa = PBXFileReference; explicitFileType = wrapper.application; includeInIndex = 0; path = pickerVIew.app; sourceTree = BUILT_PRODUCTS_DIR; };
		94B708571F27C9F70051E254 /* AppDelegate.swift */ = {isa = PBXFileReference; lastKnownFileType = sourcecode.swift; path = AppDelegate.swift; sourceTree = "<group>"; };
		94B708591F27C9F70051E254 /* ViewController.swift */ = {isa = PBXFileReference; lastKnownFileType = sourcecode.swift; path = ViewController.swift; sourceTree = "<group>"; };
		94B7085C1F27C9F70051E254 /* Base */ = {isa = PBXFileReference; lastKnownFileType = file.storyboard; name = Base; path = Base.lproj/Main.storyboard; sourceTree = "<group>"; };
		94B7085E1F27C9F70051E254 /* Assets.xcassets */ = {isa = PBXFileReference; lastKnownFileType = folder.assetcatalog; path = Assets.xcassets; sourceTree = "<group>"; };
		94B708611F27C9F70051E254 /* Base */ = {isa = PBXFileReference; lastKnownFileType = file.storyboard; name = Base; path = Base.lproj/LaunchScreen.storyboard; sourceTree = "<group>"; };
		94B708631F27C9F70051E254 /* Info.plist */ = {isa = PBXFileReference; lastKnownFileType = text.plist.xml; path = Info.plist; sourceTree = "<group>"; };
/* End PBXFileReference section */

/* Begin PBXFrameworksBuildPhase section */
		94B708511F27C9F70051E254 /* Frameworks */ = {
			isa = PBXFrameworksBuildPhase;
			buildActionMask = 2147483647;
			files = (
			);
			runOnlyForDeploymentPostprocessing = 0;
		};
/* End PBXFrameworksBuildPhase section */

/* Begin PBXGroup section */
		94B7084B1F27C9F70051E254 = {
			isa = PBXGroup;
			children = (
				94B708561F27C9F70051E254 /* pickerVIew */,
				94B708551F27C9F70051E254 /* Products */,
			);
			sourceTree = "<group>";
		};
		94B708551F27C9F70051E254 /* Products */ = {
			isa = PBXGroup;
			children = (
				94B708541F27C9F70051E254 /* pickerVIew.app */,
			);
			name = Products;
			sourceTree = "<group>";
		};
		94B708561F27C9F70051E254 /* pickerVIew */ = {
			isa = PBXGroup;
			children = (
				94B708571F27C9F70051E254 /* AppDelegate.swift */,
				94B708591F27C9F70051E254 /* ViewController.swift */,
				94B7085B1F27C9F70051E254 /* Main.storyboard */,
				942D64E41F27EBEF005E0F03 /* Sci-Fi.swift */,
				94B7085E1F27C9F70051E254 /* Assets.xcassets */,
				94B708601F27C9F70051E254 /* LaunchScreen.storyboard */,
				94B708631F27C9F70051E254 /* Info.plist */,
			);
			path = pickerVIew;
			sourceTree = "<group>";
		};
/* End PBXGroup section */

/* Begin PBXNativeTarget section */
		94B708531F27C9F70051E254 /* pickerVIew */ = {
			isa = PBXNativeTarget;
			buildConfigurationList = 94B708661F27C9F70051E254 /* Build configuration list for PBXNativeTarget "pickerVIew" */;
			buildPhases = (
				94B708501F27C9F70051E254 /* Sources */,
				94B708511F27C9F70051E254 /* Frameworks */,
				94B708521F27C9F70051E254 /* Resources */,
			);
			buildRules = (
			);
			dependencies = (
			);
			name = pickerVIew;
			productName = pickerVIew;
			productReference = 94B708541F27C9F70051E254 /* pickerVIew.app */;
			productType = "com.apple.product-type.application";
		};
/* End PBXNativeTarget section */

/* Begin PBXProject section */
		94B7084C1F27C9F70051E254 /* Project object */ = {
			isa = PBXProject;
			attributes = {
				LastSwiftUpdateCheck = 0830;
				LastUpgradeCheck = 0830;
				ORGANIZATIONNAME = "iD Tech";
				TargetAttributes = {
					94B708531F27C9F70051E254 = {
						CreatedOnToolsVersion = 8.3.1;
						DevelopmentTeam = 57YCE8PDE8;
						ProvisioningStyle = Automatic;
					};
				};
			};
			buildConfigurationList = 94B7084F1F27C9F70051E254 /* Build configuration list for PBXProject "pickerVIew" */;
			compatibilityVersion = "Xcode 3.2";
			developmentRegion = English;
			hasScannedForEncodings = 0;
			knownRegions = (
				en,
				Base,
			);
			mainGroup = 94B7084B1F27C9F70051E254;
			productRefGroup = 94B708551F27C9F70051E254 /* Products */;
			projectDirPath = "";
			projectRoot = "";
			targets = (
				94B708531F27C9F70051E254 /* pickerVIew */,
			);
		};
/* End PBXProject section */

/* Begin PBXResourcesBuildPhase section */
		94B708521F27C9F70051E254 /* Resources */ = {
			isa = PBXResourcesBuildPhase;
			buildActionMask = 2147483647;
			files = (
				94B708621F27C9F70051E254 /* LaunchScreen.storyboard in Resources */,
				94B7085F1F27C9F70051E254 /* Assets.xcassets in Resources */,
				94B7085D1F27C9F70051E254 /* Main.storyboard in Resources */,
			);
			runOnlyForDeploymentPostprocessing = 0;
		};
/* End PBXResourcesBuildPhase section */

/* Begin PBXSourcesBuildPhase section */
		94B708501F27C9F70051E254 /* Sources */ = {
			isa = PBXSourcesBuildPhase;
			buildActionMask = 2147483647;
			files = (
				94B7085A1F27C9F70051E254 /* ViewController.swift in Sources */,
				942D64E51F27EBEF005E0F03 /* Sci-Fi.swift in Sources */,
				94B708581F27C9F70051E254 /* AppDelegate.swift in Sources */,
			);
			runOnlyForDeploymentPostprocessing = 0;
		};
/* End PBXSourcesBuildPhase section */

/* Begin PBXVariantGroup section */
		94B7085B1F27C9F70051E254 /* Main.storyboard */ = {
			isa = PBXVariantGroup;
			children = (
				94B7085C1F27C9F70051E254 /* Base */,
			);
			name = Main.storyboard;
			sourceTree = "<group>";
		};
		94B708601F27C9F70051E254 /* LaunchScreen.storyboard */ = {
			isa = PBXVariantGroup;
			children = (
				94B708611F27C9F70051E254 /* Base */,
			);
			name = LaunchScreen.storyboard;
			sourceTree = "<group>";
		};
/* End PBXVariantGroup section */

/* Begin XCBuildConfiguration section */
		94B708641F27C9F70051E254 /* Debug */ = {
			isa = XCBuildConfiguration;
			buildSettings = {
				ALWAYS_SEARCH_USER_PATHS = NO;
				CLANG_ANALYZER_NONNULL = YES;
				CLANG_ANALYZER_NUMBER_OBJECT_CONVERSION = YES_AGGRESSIVE;
				CLANG_CXX_LANGUAGE_STANDARD = "gnu++0x";
				CLANG_CXX_LIBRARY = "libc++";
				CLANG_ENABLE_MODULES = YES;
				CLANG_ENABLE_OBJC_ARC = YES;
				CLANG_WARN_BOOL_CONVERSION = YES;
				CLANG_WARN_CONSTANT_CONVERSION = YES;
				CLANG_WARN_DIRECT_OBJC_ISA_USAGE = YES_ERROR;
				CLANG_WARN_DOCUMENTATION_COMMENTS = YES;
				CLANG_WARN_EMPTY_BODY = YES;
				CLANG_WARN_ENUM_CONVERSION = YES;
				CLANG_WARN_INFINITE_RECURSION = YES;
				CLANG_WARN_INT_CONVERSION = YES;
				CLANG_WARN_OBJC_ROOT_CLASS = YES_ERROR;
				CLANG_WARN_SUSPICIOUS_MOVE = YES;
				CLANG_WARN_UNREACHABLE_CODE = YES;
				CLANG_WARN__DUPLICATE_METHOD_MATCH = YES;
				"CODE_SIGN_IDENTITY[sdk=iphoneos*]" = "iPhone Developer";
				COPY_PHASE_STRIP = NO;
				DEBUG_INFORMATION_FORMAT = dwarf;
				ENABLE_STRICT_OBJC_MSGSEND = YES;
				ENABLE_TESTABILITY = YES;
				GCC_C_LANGUAGE_STANDARD = gnu99;
				GCC_DYNAMIC_NO_PIC = NO;
				GCC_NO_COMMON_BLOCKS = YES;
				GCC_OPTIMIZATION_LEVEL = 0;
				GCC_PREPROCESSOR_DEFINITIONS = (
					"DEBUG=1",
					"$(inherited)",
				);
				GCC_WARN_64_TO_32_BIT_CONVERSION = YES;
				GCC_WARN_ABOUT_RETURN_TYPE = YES_ERROR;
				GCC_WARN_UNDECLARED_SELECTOR = YES;
				GCC_WARN_UNINITIALIZED_AUTOS = YES_AGGRESSIVE;
				GCC_WARN_UNUSED_FUNCTION = YES;
				GCC_WARN_UNUSED_VARIABLE = YES;
				IPHONEOS_DEPLOYMENT_TARGET = 10.3;
				MTL_ENABLE_DEBUG_INFO = YES;
				ONLY_ACTIVE_ARCH = YES;
				SDKROOT = iphoneos;
				SWIFT_ACTIVE_COMPILATION_CONDITIONS = DEBUG;
				SWIFT_OPTIMIZATION_LEVEL = "-Onone";
				TARGETED_DEVICE_FAMILY = "1,2";
			};
			name = Debug;
		};
		94B708651F27C9F70051E254 /* Release */ = {
			isa = XCBuildConfiguration;
			buildSettings = {
				ALWAYS_SEARCH_USER_PATHS = NO;
				CLANG_ANALYZER_NONNULL = YES;
				CLANG_ANALYZER_NUMBER_OBJECT_CONVERSION = YES_AGGRESSIVE;
				CLANG_CXX_LANGUAGE_STANDARD = "gnu++0x";
				CLANG_CXX_LIBRARY = "libc++";
				CLANG_ENABLE_MODULES = YES;
				CLANG_ENABLE_OBJC_ARC = YES;
				CLANG_WARN_BOOL_CONVERSION = YES;
				CLANG_WARN_CONSTANT_CONVERSION = YES;
				CLANG_WARN_DIRECT_OBJC_ISA_USAGE = YES_ERROR;
				CLANG_WARN_DOCUMENTATION_COMMENTS = YES;
				CLANG_WARN_EMPTY_BODY = YES;
				CLANG_WARN_ENUM_CONVERSION = YES;
				CLANG_WARN_INFINITE_RECURSION = YES;
				CLANG_WARN_INT_CONVERSION = YES;
				CLANG_WARN_OBJC_ROOT_CLASS = YES_ERROR;
				CLANG_WARN_SUSPICIOUS_MOVE = YES;
				CLANG_WARN_UNREACHABLE_CODE = YES;
				CLANG_WARN__DUPLICATE_METHOD_MATCH = YES;
				"CODE_SIGN_IDENTITY[sdk=iphoneos*]" = "iPhone Developer";
				COPY_PHASE_STRIP = NO;
				DEBUG_INFORMATION_FORMAT = "dwarf-with-dsym";
				ENABLE_NS_ASSERTIONS = NO;
				ENABLE_STRICT_OBJC_MSGSEND = YES;
				GCC_C_LANGUAGE_STANDARD = gnu99;
				GCC_NO_COMMON_BLOCKS = YES;
				GCC_WARN_64_TO_32_BIT_CONVERSION = YES;
				GCC_WARN_ABOUT_RETURN_TYPE = YES_ERROR;
				GCC_WARN_UNDECLARED_SELECTOR = YES;
				GCC_WARN_UNINITIALIZED_AUTOS = YES_AGGRESSIVE;
				GCC_WARN_UNUSED_FUNCTION = YES;
				GCC_WARN_UNUSED_VARIABLE = YES;
				IPHONEOS_DEPLOYMENT_TARGET = 10.3;
				MTL_ENABLE_DEBUG_INFO = NO;
				SDKROOT = iphoneos;
				SWIFT_OPTIMIZATION_LEVEL = "-Owholemodule";
				TARGETED_DEVICE_FAMILY = "1,2";
				VALIDATE_PRODUCT = YES;
			};
			name = Release;
		};
		94B708671F27C9F70051E254 /* Debug */ = {
			isa = XCBuildConfiguration;
			buildSettings = {
				ASSETCATALOG_COMPILER_APPICON_NAME = AppIcon;
				DEVELOPMENT_TEAM = 57YCE8PDE8;
				INFOPLIST_FILE = pickerVIew/Info.plist;
				LD_RUNPATH_SEARCH_PATHS = "$(inherited) @executable_path/Frameworks";
				PRODUCT_BUNDLE_IDENTIFIER = "com.iDTech-Andres-Leiva.pickerVIew";
				PRODUCT_NAME = "$(TARGET_NAME)";
				SWIFT_VERSION = 3.0;
			};
			name = Debug;
		};
		94B708681F27C9F70051E254 /* Release */ = {
			isa = XCBuildConfiguration;
			buildSettings = {
				ASSETCATALOG_COMPILER_APPICON_NAME = AppIcon;
				DEVELOPMENT_TEAM = 57YCE8PDE8;
				INFOPLIST_FILE = pickerVIew/Info.plist;
				LD_RUNPATH_SEARCH_PATHS = "$(inherited) @executable_path/Frameworks";
				PRODUCT_BUNDLE_IDENTIFIER = "com.iDTech-Andres-Leiva.pickerVIew";
				PRODUCT_NAME = "$(TARGET_NAME)";
				SWIFT_VERSION = 3.0;
			};
			name = Release;
		};
/* End XCBuildConfiguration section */

/* Begin XCConfigurationList section */
		94B7084F1F27C9F70051E254 /* Build configuration list for PBXProject "pickerVIew" */ = {
			isa = XCConfigurationList;
			buildConfigurations = (
				94B708641F27C9F70051E254 /* Debug */,
				94B708651F27C9F70051E254 /* Release */,
			);
			defaultConfigurationIsVisible = 0;
			defaultConfigurationName = Release;
		};
		94B708661F27C9F70051E254 /* Build configuration list for PBXNativeTarget "pickerVIew" */ = {
			isa = XCConfigurationList;
			buildConfigurations = (
				94B708671F27C9F70051E254 /* Debug */,
				94B708681F27C9F70051E254 /* Release */,
			);
			defaultConfigurationIsVisible = 0;
			defaultConfigurationName = Release;
		};
/* End XCConfigurationList section */
	};
	rootObject = 94B7084C1F27C9F70051E254 /* Project object */;
}
